
Microsoft Visual Studio Solution File, Format Version 12.00
# Visual Studio Version 16
VisualStudioVersion = 16.0.30413.136
MinimumVisualStudioVersion = 10.0.40219.1
Project("{FAE04EC0-301F-11D3-BF4B-00C04F79EFBC}") = "WpfApp1", "WpfApp1.csproj", "{DD4D5AE2-CD8A-41F4-965F-48EE59AAD720}"
EndProject
Global
	GlobalSection(SolutionConfigurationPlatforms) = preSolution
		Debug|Any CPU = Debug|Any CPU
		Release|Any CPU = Release|Any CPU
	EndGlobalSection
	GlobalSection(ProjectConfigurationPlatforms) = postSolution
		{DD4D5AE2-CD8A-41F4-965F-48EE59AAD720}.Debug|Any CPU.ActiveCfg = Debug|Any CPU
		{DD4D5AE2-CD8A-41F4-965F-48EE59AAD720}.Debug|Any CPU.Build.0 = Debug|Any CPU
		{DD4D5AE2-CD8A-41F4-965F-48EE59AAD720}.Release|Any CPU.ActiveCfg = Release|Any CPU
		{DD4D5AE2-CD8A-41F4-965F-48EE59AAD720}.Release|Any CPU.Build.0 = Release|Any CPU
	EndGlobalSection
	GlobalSection(SolutionProperties) = preSolution
		HideSolutionNode = FALSE
	EndGlobalSection
	GlobalSection(ExtensibilityGlobals) = postSolution
		SolutionGuid = {7AE4D673-FF8D-4D79-9403-3C1EF179B13E}
	EndGlobalSection
EndGlobal
